Microsoft Visual Studio Solution File, Format Version 12.00
# Visual Studio 2012
Project("{FAE04EC0-301F-11D3-BF4B-00C04F79EFBC}") = "Top Down Shooter", "Top Down Shooter.csproj", "{DDF81529-00E6-46EA-A16C-E3A80C7DA0C0}"
EndProject
Global
	GlobalSection(SolutionConfigurationPlatforms) = preSolution
	Debug|Any CPU = Debug|Any CPU
	ExportDebug|Any CPU = ExportDebug|Any CPU
	ExportRelease|Any CPU = ExportRelease|Any CPU
	EndGlobalSection
	GlobalSection(ProjectConfigurationPlatforms) = postSolution
		{DDF81529-00E6-46EA-A16C-E3A80C7DA0C0}.Debug|Any CPU.ActiveCfg = Debug|Any CPU
		{DDF81529-00E6-46EA-A16C-E3A80C7DA0C0}.Debug|Any CPU.Build.0 = Debug|Any CPU
		{DDF81529-00E6-46EA-A16C-E3A80C7DA0C0}.ExportDebug|Any CPU.ActiveCfg = ExportDebug|Any CPU
		{DDF81529-00E6-46EA-A16C-E3A80C7DA0C0}.ExportDebug|Any CPU.Build.0 = ExportDebug|Any CPU
		{DDF81529-00E6-46EA-A16C-E3A80C7DA0C0}.ExportRelease|Any CPU.ActiveCfg = ExportRelease|Any CPU
		{DDF81529-00E6-46EA-A16C-E3A80C7DA0C0}.ExportRelease|Any CPU.Build.0 = ExportRelease|Any CPU
	EndGlobalSection
EndGlobal
